<?xml version="1.0" encoding="utf-8"?>
<Project ToolsVersion="4.0" xmlns="http://schemas.microsoft.com/developer/msbuild/2003">
  <ItemGroup>
    <Filter Include="ソース ファイル">
      <UniqueIdentifier>{4FC737F1-C7A5-4376-A066-2A32D752A2FF}</UniqueIdentifier>
      <Extensions>cpp;c;cc;cxx;def;odl;idl;hpj;bat;asm;asmx</Extensions>
    </Filter>
    <Filter Include="ヘッダー ファイル">
      <UniqueIdentifier>{93995380-89BD-4b04-88EB-625FBE52EBFB}</UniqueIdentifier>
      <Extensions>h;hpp;hxx;hm;inl;inc;xsd</Extensions>
    </Filter>
    <Filter Include="リソース ファイル">
      <UniqueIdentifier>{67DA6AB6-F800-4c08-8B7A-83BB121AAD01}</UniqueIdentifier>
      <Extensions>rc;ico;cur;bmp;dlg;rc2;rct;bin;rgs;gif;jpg;jpeg;jpe;resx;tiff;tif;png;wav;mfcribbon-ms</Extensions>
    </Filter>
    <Filter Include="ヘッダー ファイル\hidapi">
      <UniqueIdentifier>{2139f77d-b237-4aac-8769-1151bf443d46}</UniqueIdentifier>
    </Filter>
    <Filter Include="ソース ファイル\LC4500">
      <UniqueIdentifier>{c99f3f20-7791-4d1b-829a-241cafe8b502}</UniqueIdentifier>
    </Filter>
    <Filter Include="ヘッダー ファイル\LC4500">
      <UniqueIdentifier>{15a967af-b5ab-44d7-84bf-4d727b00d58b}</UniqueIdentifier>
    </Filter>
    <Filter Include="ソース ファイル\LC4500\DLPC350">
      <UniqueIdentifier>{b7be636a-85f3-487f-a63c-325125da0b24}</UniqueIdentifier>
    </Filter>
    <Filter Include="ヘッダー ファイル\LC4500\DLPC350">
      <UniqueIdentifier>{1b0a52e8-80c4-48fa-8347-0a6d58f4e074}</UniqueIdentifier>
    </Filter>
    <Filter Include="ヘッダー ファイル\LC4500\USB">
      <UniqueIdentifier>{76559a62-73ff-43ce-8d32-28000a5dc27f}</UniqueIdentifier>
    </Filter>
    <Filter Include="ソース ファイル\LC4500\USB">
      <UniqueIdentifier>{91223536-0b96-4330-9a0e-e17b2be08cdf}</UniqueIdentifier>
    </Filter>
  </ItemGroup>
  <ItemGroup>
    <ClCompile Include="main.cpp">
      <Filter>ソース ファイル</Filter>
    </ClCompile>
    <ClCompile Include="LC4500\USB\USB.cpp">
      <Filter>ソース ファイル\LC4500\USB</Filter>
    </ClCompile>
    <ClCompile Include="LC4500\DLPC350\DLPC350.cpp">
      <Filter>ソース ファイル\LC4500\DLPC350</Filter>
    </ClCompile>
    <ClCompile Include="LC4500\Util.cpp">
      <Filter>ソース ファイル\LC4500</Filter>
    </ClCompile>
    <ClCompile Include="LC4500\LC4500.cpp">
      <Filter>ソース ファイル\LC4500</Filter>
    </ClCompile>
    <ClCompile Include="LC4500\Error.cpp">
      <Filter>ソース ファイル\LC4500</Filter>
    </ClCompile>
  </ItemGroup>
  <ItemGroup>
    <ClInclude Include="hidapi\hidapi.h">
      <Filter>ヘッダー ファイル\hidapi</Filter>
    </ClInclude>
    <ClInclude Include="LC4500\USB\USB.hpp">
      <Filter>ヘッダー ファイル\LC4500\USB</Filter>
    </ClInclude>
    <ClInclude Include="LC4500\DLPC350\Transaction.hpp">
      <Filter>ヘッダー ファイル\LC4500\DLPC350</Filter>
    </ClInclude>
    <ClInclude Include="LC4500\Util.hpp">
      <Filter>ヘッダー ファイル\LC4500</Filter>
    </ClInclude>
    <ClInclude Include="LC4500\LC4500.hpp">
      <Filter>ヘッダー ファイル\LC4500</Filter>
    </ClInclude>
    <ClInclude Include="LC4500\DLPC350\DLPC350.hpp">
      <Filter>ヘッダー ファイル\LC4500\DLPC350</Filter>
    </ClInclude>
    <ClInclude Include="LC4500\DLPC350\PatternSequence.hpp">
      <Filter>ヘッダー ファイル\LC4500\DLPC350</Filter>
    </ClInclude>
    <ClInclude Include="LC4500\Error.hpp">
      <Filter>ヘッダー ファイル\LC4500</Filter>
    </ClInclude>
  </ItemGroup>
  <ItemGroup>
    <None Include="packages.config" />
  </ItemGroup>
</Project>